
Microsoft Visual Studio Solution File, Format Version 12.00
# Visual Studio 2012
Project("{FAE04EC0-301F-11D3-BF4B-00C04F79EFBC}") = "Zxm.Android", "Zxm.Android\Zxm.Android.csproj", "{A16CCA34-4C88-485B-9697-7245FC34D8F9}"
EndProject
Project("{FAE04EC0-301F-11D3-BF4B-00C04F79EFBC}") = "Zxm.Core", "Zxm.Core\Zxm.Core.csproj", "{3286D02D-FA8E-490E-9CEB-1ABE6B150469}"
EndProject
Project("{FAE04EC0-301F-11D3-BF4B-00C04F79EFBC}") = "Zxm.iOS", "Zxm.iOS\Zxm.iOS.csproj", "{97E05ED4-2E57-433C-8DC9-B3B10A4BDD83}"
EndProject
Global
	GlobalSection(SolutionConfigurationPlatforms) = preSolution
		Ad-Hoc|Any CPU = Ad-Hoc|Any CPU
		Ad-Hoc|iPhone = Ad-Hoc|iPhone
		Ad-Hoc|iPhoneSimulator = Ad-Hoc|iPhoneSimulator
		Ad-Hoc|Mixed Platforms = Ad-Hoc|Mixed Platforms
		AppStore|Any CPU = AppStore|Any CPU
		AppStore|iPhone = AppStore|iPhone
		AppStore|iPhoneSimulator = AppStore|iPhoneSimulator
		AppStore|Mixed Platforms = AppStore|Mixed Platforms
		Debug|Any CPU = Debug|Any CPU
		Debug|iPhone = Debug|iPhone
		Debug|iPhoneSimulator = Debug|iPhoneSimulator
		Debug|Mixed Platforms = Debug|Mixed Platforms
		Release|Any CPU = Release|Any CPU
		Release|iPhone = Release|iPhone
		Release|iPhoneSimulator = Release|iPhoneSimulator
		Release|Mixed Platforms = Release|Mixed Platforms
	EndGlobalSection
	GlobalSection(ProjectConfigurationPlatforms) = postSolution
		{A16CCA34-4C88-485B-9697-7245FC34D8F9}.Ad-Hoc|Any CPU.ActiveCfg = Release|Any CPU
		{A16CCA34-4C88-485B-9697-7245FC34D8F9}.Ad-Hoc|Any CPU.Build.0 = Release|Any CPU
		{A16CCA34-4C88-485B-9697-7245FC34D8F9}.Ad-Hoc|Any CPU.Deploy.0 = Release|Any CPU
		{A16CCA34-4C88-485B-9697-7245FC34D8F9}.Ad-Hoc|iPhone.ActiveCfg = Release|Any CPU
		{A16CCA34-4C88-485B-9697-7245FC34D8F9}.Ad-Hoc|iPhoneSimulator.ActiveCfg = Release|Any CPU
		{A16CCA34-4C88-485B-9697-7245FC34D8F9}.Ad-Hoc|Mixed Platforms.ActiveCfg = Release|Any CPU
		{A16CCA34-4C88-485B-9697-7245FC34D8F9}.Ad-Hoc|Mixed Platforms.Build.0 = Release|Any CPU
		{A16CCA34-4C88-485B-9697-7245FC34D8F9}.Ad-Hoc|Mixed Platforms.Deploy.0 = Release|Any CPU
		{A16CCA34-4C88-485B-9697-7245FC34D8F9}.AppStore|Any CPU.ActiveCfg = Release|Any CPU
		{A16CCA34-4C88-485B-9697-7245FC34D8F9}.AppStore|Any CPU.Build.0 = Release|Any CPU
		{A16CCA34-4C88-485B-9697-7245FC34D8F9}.AppStore|Any CPU.Deploy.0 = Release|Any CPU
		{A16CCA34-4C88-485B-9697-7245FC34D8F9}.AppStore|iPhone.ActiveCfg = Release|Any CPU
		{A16CCA34-4C88-485B-9697-7245FC34D8F9}.AppStore|iPhoneSimulator.ActiveCfg = Release|Any CPU
		{A16CCA34-4C88-485B-9697-7245FC34D8F9}.AppStore|Mixed Platforms.ActiveCfg = Release|Any CPU
		{A16CCA34-4C88-485B-9697-7245FC34D8F9}.AppStore|Mixed Platforms.Build.0 = Release|Any CPU
		{A16CCA34-4C88-485B-9697-7245FC34D8F9}.AppStore|Mixed Platforms.Deploy.0 = Release|Any CPU
		{A16CCA34-4C88-485B-9697-7245FC34D8F9}.Debug|Any CPU.ActiveCfg = Debug|Any CPU
		{A16CCA34-4C88-485B-9697-7245FC34D8F9}.Debug|Any CPU.Build.0 = Debug|Any CPU
		{A16CCA34-4C88-485B-9697-7245FC34D8F9}.Debug|Any CPU.Deploy.0 = Debug|Any CPU
		{A16CCA34-4C88-485B-9697-7245FC34D8F9}.Debug|iPhone.ActiveCfg = Debug|Any CPU
		{A16CCA34-4C88-485B-9697-7245FC34D8F9}.Debug|iPhoneSimulator.ActiveCfg = Debug|Any CPU
		{A16CCA34-4C88-485B-9697-7245FC34D8F9}.Debug|Mixed Platforms.ActiveCfg = Debug|Any CPU
		{A16CCA34-4C88-485B-9697-7245FC34D8F9}.Debug|Mixed Platforms.Build.0 = Debug|Any CPU
		{A16CCA34-4C88-485B-9697-7245FC34D8F9}.Debug|Mixed Platforms.Deploy.0 = Debug|Any CPU
		{A16CCA34-4C88-485B-9697-7245FC34D8F9}.Release|Any CPU.ActiveCfg = Release|Any CPU
		{A16CCA34-4C88-485B-9697-7245FC34D8F9}.Release|Any CPU.Build.0 = Release|Any CPU
		{A16CCA34-4C88-485B-9697-7245FC34D8F9}.Release|Any CPU.Deploy.0 = Release|Any CPU
		{A16CCA34-4C88-485B-9697-7245FC34D8F9}.Release|iPhone.ActiveCfg = Release|Any CPU
		{A16CCA34-4C88-485B-9697-7245FC34D8F9}.Release|iPhoneSimulator.ActiveCfg = Release|Any CPU
		{A16CCA34-4C88-485B-9697-7245FC34D8F9}.Release|Mixed Platforms.ActiveCfg = Release|Any CPU
		{A16CCA34-4C88-485B-9697-7245FC34D8F9}.Release|Mixed Platforms.Build.0 = Release|Any CPU
		{A16CCA34-4C88-485B-9697-7245FC34D8F9}.Release|Mixed Platforms.Deploy.0 = Release|Any CPU
		{3286D02D-FA8E-490E-9CEB-1ABE6B150469}.Ad-Hoc|Any CPU.ActiveCfg = Release|Any CPU
		{3286D02D-FA8E-490E-9CEB-1ABE6B150469}.Ad-Hoc|Any CPU.Build.0 = Release|Any CPU
		{3286D02D-FA8E-490E-9CEB-1ABE6B150469}.Ad-Hoc|iPhone.ActiveCfg = Release|Any CPU
		{3286D02D-FA8E-490E-9CEB-1ABE6B150469}.Ad-Hoc|iPhoneSimulator.ActiveCfg = Release|Any CPU
		{3286D02D-FA8E-490E-9CEB-1ABE6B150469}.Ad-Hoc|Mixed Platforms.ActiveCfg = Release|Any CPU
		{3286D02D-FA8E-490E-9CEB-1ABE6B150469}.Ad-Hoc|Mixed Platforms.Build.0 = Release|Any CPU
		{3286D02D-FA8E-490E-9CEB-1ABE6B150469}.AppStore|Any CPU.ActiveCfg = Release|Any CPU
		{3286D02D-FA8E-490E-9CEB-1ABE6B150469}.AppStore|Any CPU.Build.0 = Release|Any CPU
		{3286D02D-FA8E-490E-9CEB-1ABE6B150469}.AppStore|iPhone.ActiveCfg = Release|Any CPU
		{3286D02D-FA8E-490E-9CEB-1ABE6B150469}.AppStore|iPhoneSimulator.ActiveCfg = Release|Any CPU
		{3286D02D-FA8E-490E-9CEB-1ABE6B150469}.AppStore|Mixed Platforms.ActiveCfg = Release|Any CPU
		{3286D02D-FA8E-490E-9CEB-1ABE6B150469}.AppStore|Mixed Platforms.Build.0 = Release|Any CPU
		{3286D02D-FA8E-490E-9CEB-1ABE6B150469}.Debug|Any CPU.ActiveCfg = Debug|Any CPU
		{3286D02D-FA8E-490E-9CEB-1ABE6B150469}.Debug|Any CPU.Build.0 = Debug|Any CPU
		{3286D02D-FA8E-490E-9CEB-1ABE6B150469}.Debug|iPhone.ActiveCfg = Debug|Any CPU
		{3286D02D-FA8E-490E-9CEB-1ABE6B150469}.Debug|iPhoneSimulator.ActiveCfg = Debug|Any CPU
		{3286D02D-FA8E-490E-9CEB-1ABE6B150469}.Debug|Mixed Platforms.ActiveCfg = Debug|Any CPU
		{3286D02D-FA8E-490E-9CEB-1ABE6B150469}.Debug|Mixed Platforms.Build.0 = Debug|Any CPU
		{3286D02D-FA8E-490E-9CEB-1ABE6B150469}.Release|Any CPU.ActiveCfg = Release|Any CPU
		{3286D02D-FA8E-490E-9CEB-1ABE6B150469}.Release|Any CPU.Build.0 = Release|Any CPU
		{3286D02D-FA8E-490E-9CEB-1ABE6B150469}.Release|iPhone.ActiveCfg = Release|Any CPU
		{3286D02D-FA8E-490E-9CEB-1ABE6B150469}.Release|iPhoneSimulator.ActiveCfg = Release|Any CPU
		{3286D02D-FA8E-490E-9CEB-1ABE6B150469}.Release|Mixed Platforms.ActiveCfg = Release|Any CPU
		{3286D02D-FA8E-490E-9CEB-1ABE6B150469}.Release|Mixed Platforms.Build.0 = Release|Any CPU
		{97E05ED4-2E57-433C-8DC9-B3B10A4BDD83}.Ad-Hoc|Any CPU.ActiveCfg = Ad-Hoc|iPhone
		{97E05ED4-2E57-433C-8DC9-B3B10A4BDD83}.Ad-Hoc|iPhone.ActiveCfg = Ad-Hoc|iPhone
		{97E05ED4-2E57-433C-8DC9-B3B10A4BDD83}.Ad-Hoc|iPhone.Build.0 = Ad-Hoc|iPhone
		{97E05ED4-2E57-433C-8DC9-B3B10A4BDD83}.Ad-Hoc|iPhoneSimulator.ActiveCfg = Ad-Hoc|iPhoneSimulator
		{97E05ED4-2E57-433C-8DC9-B3B10A4BDD83}.Ad-Hoc|iPhoneSimulator.Build.0 = Ad-Hoc|iPhoneSimulator
		{97E05ED4-2E57-433C-8DC9-B3B10A4BDD83}.Ad-Hoc|Mixed Platforms.ActiveCfg = Ad-Hoc|iPhone
		{97E05ED4-2E57-433C-8DC9-B3B10A4BDD83}.Ad-Hoc|Mixed Platforms.Build.0 = Ad-Hoc|iPhone
		{97E05ED4-2E57-433C-8DC9-B3B10A4BDD83}.AppStore|Any CPU.ActiveCfg = AppStore|iPhone
		{97E05ED4-2E57-433C-8DC9-B3B10A4BDD83}.AppStore|iPhone.ActiveCfg = AppStore|iPhone
		{97E05ED4-2E57-433C-8DC9-B3B10A4BDD83}.AppStore|iPhone.Build.0 = AppStore|iPhone
		{97E05ED4-2E57-433C-8DC9-B3B10A4BDD83}.AppStore|iPhoneSimulator.ActiveCfg = AppStore|iPhoneSimulator
		{97E05ED4-2E57-433C-8DC9-B3B10A4BDD83}.AppStore|iPhoneSimulator.Build.0 = AppStore|iPhoneSimulator
		{97E05ED4-2E57-433C-8DC9-B3B10A4BDD83}.AppStore|Mixed Platforms.ActiveCfg = AppStore|iPhone
		{97E05ED4-2E57-433C-8DC9-B3B10A4BDD83}.AppStore|Mixed Platforms.Build.0 = AppStore|iPhone
		{97E05ED4-2E57-433C-8DC9-B3B10A4BDD83}.Debug|Any CPU.ActiveCfg = Debug|iPhone
		{97E05ED4-2E57-433C-8DC9-B3B10A4BDD83}.Debug|iPhone.ActiveCfg = Debug|iPhone
		{97E05ED4-2E57-433C-8DC9-B3B10A4BDD83}.Debug|iPhone.Build.0 = Debug|iPhone
		{97E05ED4-2E57-433C-8DC9-B3B10A4BDD83}.Debug|iPhoneSimulator.ActiveCfg = Debug|iPhoneSimulator
		{97E05ED4-2E57-433C-8DC9-B3B10A4BDD83}.Debug|iPhoneSimulator.Build.0 = Debug|iPhoneSimulator
		{97E05ED4-2E57-433C-8DC9-B3B10A4BDD83}.Debug|Mixed Platforms.ActiveCfg = Debug|iPhone
		{97E05ED4-2E57-433C-8DC9-B3B10A4BDD83}.Debug|Mixed Platforms.Build.0 = Debug|iPhone
		{97E05ED4-2E57-433C-8DC9-B3B10A4BDD83}.Release|Any CPU.ActiveCfg = Release|iPhone
		{97E05ED4-2E57-433C-8DC9-B3B10A4BDD83}.Release|iPhone.ActiveCfg = Release|iPhone
		{97E05ED4-2E57-433C-8DC9-B3B10A4BDD83}.Release|iPhone.Build.0 = Release|iPhone
		{97E05ED4-2E57-433C-8DC9-B3B10A4BDD83}.Release|iPhoneSimulator.ActiveCfg = Release|iPhoneSimulator
		{97E05ED4-2E57-433C-8DC9-B3B10A4BDD83}.Release|iPhoneSimulator.Build.0 = Release|iPhoneSimulator
		{97E05ED4-2E57-433C-8DC9-B3B10A4BDD83}.Release|Mixed Platforms.ActiveCfg = Release|iPhone
		{97E05ED4-2E57-433C-8DC9-B3B10A4BDD83}.Release|Mixed Platforms.Build.0 = Release|iPhone
	EndGlobalSection
	GlobalSection(SolutionProperties) = preSolution
		HideSolutionNode = FALSE
	EndGlobalSection
EndGlobal
