
Microsoft Visual Studio Solution File, Format Version 12.00
# Visual Studio 2012
Project("{FAE04EC0-301F-11D3-BF4B-00C04F79EFBC}") = "Zxm.Android", "Zxm.Android\Zxm.Android.csproj", "{E097CEF1-4F44-41C1-AFA4-AB93FD38C67F}"
EndProject
Project("{FAE04EC0-301F-11D3-BF4B-00C04F79EFBC}") = "Zxm.iOS", "Zxm.iOS\Zxm.iOS.csproj", "{713C1C4A-3115-4D79-874F-41C55949D566}"
EndProject
Project("{FAE04EC0-301F-11D3-BF4B-00C04F79EFBC}") = "Zxm.Core", "Zxm.Core\Zxm.Core.csproj", "{E81E4528-0F31-461F-801D-21E52D6D3878}"
EndProject
Global
	GlobalSection(SolutionConfigurationPlatforms) = preSolution
		Ad-Hoc|Any CPU = Ad-Hoc|Any CPU
		Ad-Hoc|iPhone = Ad-Hoc|iPhone
		Ad-Hoc|iPhoneSimulator = Ad-Hoc|iPhoneSimulator
		Ad-Hoc|Mixed Platforms = Ad-Hoc|Mixed Platforms
		AppStore|Any CPU = AppStore|Any CPU
		AppStore|iPhone = AppStore|iPhone
		AppStore|iPhoneSimulator = AppStore|iPhoneSimulator
		AppStore|Mixed Platforms = AppStore|Mixed Platforms
		Debug|Any CPU = Debug|Any CPU
		Debug|iPhone = Debug|iPhone
		Debug|iPhoneSimulator = Debug|iPhoneSimulator
		Debug|Mixed Platforms = Debug|Mixed Platforms
		Release|Any CPU = Release|Any CPU
		Release|iPhone = Release|iPhone
		Release|iPhoneSimulator = Release|iPhoneSimulator
		Release|Mixed Platforms = Release|Mixed Platforms
	EndGlobalSection
	GlobalSection(ProjectConfigurationPlatforms) = postSolution
		{E097CEF1-4F44-41C1-AFA4-AB93FD38C67F}.Ad-Hoc|Any CPU.ActiveCfg = Release|Any CPU
		{E097CEF1-4F44-41C1-AFA4-AB93FD38C67F}.Ad-Hoc|Any CPU.Build.0 = Release|Any CPU
		{E097CEF1-4F44-41C1-AFA4-AB93FD38C67F}.Ad-Hoc|Any CPU.Deploy.0 = Release|Any CPU
		{E097CEF1-4F44-41C1-AFA4-AB93FD38C67F}.Ad-Hoc|iPhone.ActiveCfg = Release|Any CPU
		{E097CEF1-4F44-41C1-AFA4-AB93FD38C67F}.Ad-Hoc|iPhoneSimulator.ActiveCfg = Release|Any CPU
		{E097CEF1-4F44-41C1-AFA4-AB93FD38C67F}.Ad-Hoc|Mixed Platforms.ActiveCfg = Release|Any CPU
		{E097CEF1-4F44-41C1-AFA4-AB93FD38C67F}.Ad-Hoc|Mixed Platforms.Build.0 = Release|Any CPU
		{E097CEF1-4F44-41C1-AFA4-AB93FD38C67F}.Ad-Hoc|Mixed Platforms.Deploy.0 = Release|Any CPU
		{E097CEF1-4F44-41C1-AFA4-AB93FD38C67F}.AppStore|Any CPU.ActiveCfg = Release|Any CPU
		{E097CEF1-4F44-41C1-AFA4-AB93FD38C67F}.AppStore|Any CPU.Build.0 = Release|Any CPU
		{E097CEF1-4F44-41C1-AFA4-AB93FD38C67F}.AppStore|Any CPU.Deploy.0 = Release|Any CPU
		{E097CEF1-4F44-41C1-AFA4-AB93FD38C67F}.AppStore|iPhone.ActiveCfg = Release|Any CPU
		{E097CEF1-4F44-41C1-AFA4-AB93FD38C67F}.AppStore|iPhoneSimulator.ActiveCfg = Release|Any CPU
		{E097CEF1-4F44-41C1-AFA4-AB93FD38C67F}.AppStore|Mixed Platforms.ActiveCfg = Release|Any CPU
		{E097CEF1-4F44-41C1-AFA4-AB93FD38C67F}.AppStore|Mixed Platforms.Build.0 = Release|Any CPU
		{E097CEF1-4F44-41C1-AFA4-AB93FD38C67F}.AppStore|Mixed Platforms.Deploy.0 = Release|Any CPU
		{E097CEF1-4F44-41C1-AFA4-AB93FD38C67F}.Debug|Any CPU.ActiveCfg = Debug|Any CPU
		{E097CEF1-4F44-41C1-AFA4-AB93FD38C67F}.Debug|Any CPU.Build.0 = Debug|Any CPU
		{E097CEF1-4F44-41C1-AFA4-AB93FD38C67F}.Debug|Any CPU.Deploy.0 = Debug|Any CPU
		{E097CEF1-4F44-41C1-AFA4-AB93FD38C67F}.Debug|iPhone.ActiveCfg = Debug|Any CPU
		{E097CEF1-4F44-41C1-AFA4-AB93FD38C67F}.Debug|iPhoneSimulator.ActiveCfg = Debug|Any CPU
		{E097CEF1-4F44-41C1-AFA4-AB93FD38C67F}.Debug|Mixed Platforms.ActiveCfg = Debug|Any CPU
		{E097CEF1-4F44-41C1-AFA4-AB93FD38C67F}.Debug|Mixed Platforms.Build.0 = Debug|Any CPU
		{E097CEF1-4F44-41C1-AFA4-AB93FD38C67F}.Debug|Mixed Platforms.Deploy.0 = Debug|Any CPU
		{E097CEF1-4F44-41C1-AFA4-AB93FD38C67F}.Release|Any CPU.ActiveCfg = Release|Any CPU
		{E097CEF1-4F44-41C1-AFA4-AB93FD38C67F}.Release|Any CPU.Build.0 = Release|Any CPU
		{E097CEF1-4F44-41C1-AFA4-AB93FD38C67F}.Release|Any CPU.Deploy.0 = Release|Any CPU
		{E097CEF1-4F44-41C1-AFA4-AB93FD38C67F}.Release|iPhone.ActiveCfg = Release|Any CPU
		{E097CEF1-4F44-41C1-AFA4-AB93FD38C67F}.Release|iPhoneSimulator.ActiveCfg = Release|Any CPU
		{E097CEF1-4F44-41C1-AFA4-AB93FD38C67F}.Release|Mixed Platforms.ActiveCfg = Release|Any CPU
		{E097CEF1-4F44-41C1-AFA4-AB93FD38C67F}.Release|Mixed Platforms.Build.0 = Release|Any CPU
		{E097CEF1-4F44-41C1-AFA4-AB93FD38C67F}.Release|Mixed Platforms.Deploy.0 = Release|Any CPU
		{713C1C4A-3115-4D79-874F-41C55949D566}.Ad-Hoc|Any CPU.ActiveCfg = Ad-Hoc|iPhone
		{713C1C4A-3115-4D79-874F-41C55949D566}.Ad-Hoc|iPhone.ActiveCfg = Ad-Hoc|iPhone
		{713C1C4A-3115-4D79-874F-41C55949D566}.Ad-Hoc|iPhone.Build.0 = Ad-Hoc|iPhone
		{713C1C4A-3115-4D79-874F-41C55949D566}.Ad-Hoc|iPhoneSimulator.ActiveCfg = Ad-Hoc|iPhoneSimulator
		{713C1C4A-3115-4D79-874F-41C55949D566}.Ad-Hoc|iPhoneSimulator.Build.0 = Ad-Hoc|iPhoneSimulator
		{713C1C4A-3115-4D79-874F-41C55949D566}.Ad-Hoc|Mixed Platforms.ActiveCfg = Ad-Hoc|iPhone
		{713C1C4A-3115-4D79-874F-41C55949D566}.Ad-Hoc|Mixed Platforms.Build.0 = Ad-Hoc|iPhone
		{713C1C4A-3115-4D79-874F-41C55949D566}.AppStore|Any CPU.ActiveCfg = AppStore|iPhone
		{713C1C4A-3115-4D79-874F-41C55949D566}.AppStore|iPhone.ActiveCfg = AppStore|iPhone
		{713C1C4A-3115-4D79-874F-41C55949D566}.AppStore|iPhone.Build.0 = AppStore|iPhone
		{713C1C4A-3115-4D79-874F-41C55949D566}.AppStore|iPhoneSimulator.ActiveCfg = AppStore|iPhoneSimulator
		{713C1C4A-3115-4D79-874F-41C55949D566}.AppStore|iPhoneSimulator.Build.0 = AppStore|iPhoneSimulator
		{713C1C4A-3115-4D79-874F-41C55949D566}.AppStore|Mixed Platforms.ActiveCfg = AppStore|iPhoneSimulator
		{713C1C4A-3115-4D79-874F-41C55949D566}.AppStore|Mixed Platforms.Build.0 = AppStore|iPhoneSimulator
		{713C1C4A-3115-4D79-874F-41C55949D566}.Debug|Any CPU.ActiveCfg = Debug|iPhone
		{713C1C4A-3115-4D79-874F-41C55949D566}.Debug|iPhone.ActiveCfg = Debug|iPhone
		{713C1C4A-3115-4D79-874F-41C55949D566}.Debug|iPhone.Build.0 = Debug|iPhone
		{713C1C4A-3115-4D79-874F-41C55949D566}.Debug|iPhoneSimulator.ActiveCfg = Debug|iPhoneSimulator
		{713C1C4A-3115-4D79-874F-41C55949D566}.Debug|iPhoneSimulator.Build.0 = Debug|iPhoneSimulator
		{713C1C4A-3115-4D79-874F-41C55949D566}.Debug|Mixed Platforms.ActiveCfg = Debug|iPhone
		{713C1C4A-3115-4D79-874F-41C55949D566}.Debug|Mixed Platforms.Build.0 = Debug|iPhone
		{713C1C4A-3115-4D79-874F-41C55949D566}.Release|Any CPU.ActiveCfg = Release|iPhone
		{713C1C4A-3115-4D79-874F-41C55949D566}.Release|iPhone.ActiveCfg = Release|iPhone
		{713C1C4A-3115-4D79-874F-41C55949D566}.Release|iPhone.Build.0 = Release|iPhone
		{713C1C4A-3115-4D79-874F-41C55949D566}.Release|iPhoneSimulator.ActiveCfg = Release|iPhoneSimulator
		{713C1C4A-3115-4D79-874F-41C55949D566}.Release|iPhoneSimulator.Build.0 = Release|iPhoneSimulator
		{713C1C4A-3115-4D79-874F-41C55949D566}.Release|Mixed Platforms.ActiveCfg = Release|iPhone
		{713C1C4A-3115-4D79-874F-41C55949D566}.Release|Mixed Platforms.Build.0 = Release|iPhone
		{E81E4528-0F31-461F-801D-21E52D6D3878}.Ad-Hoc|Any CPU.ActiveCfg = Release|Any CPU
		{E81E4528-0F31-461F-801D-21E52D6D3878}.Ad-Hoc|Any CPU.Build.0 = Release|Any CPU
		{E81E4528-0F31-461F-801D-21E52D6D3878}.Ad-Hoc|iPhone.ActiveCfg = Release|Any CPU
		{E81E4528-0F31-461F-801D-21E52D6D3878}.Ad-Hoc|iPhone.Build.0 = Release|Any CPU
		{E81E4528-0F31-461F-801D-21E52D6D3878}.Ad-Hoc|iPhoneSimulator.ActiveCfg = Release|Any CPU
		{E81E4528-0F31-461F-801D-21E52D6D3878}.Ad-Hoc|iPhoneSimulator.Build.0 = Release|Any CPU
		{E81E4528-0F31-461F-801D-21E52D6D3878}.Ad-Hoc|Mixed Platforms.ActiveCfg = Release|Any CPU
		{E81E4528-0F31-461F-801D-21E52D6D3878}.Ad-Hoc|Mixed Platforms.Build.0 = Release|Any CPU
		{E81E4528-0F31-461F-801D-21E52D6D3878}.AppStore|Any CPU.ActiveCfg = Release|Any CPU
		{E81E4528-0F31-461F-801D-21E52D6D3878}.AppStore|Any CPU.Build.0 = Release|Any CPU
		{E81E4528-0F31-461F-801D-21E52D6D3878}.AppStore|iPhone.ActiveCfg = Release|Any CPU
		{E81E4528-0F31-461F-801D-21E52D6D3878}.AppStore|iPhone.Build.0 = Release|Any CPU
		{E81E4528-0F31-461F-801D-21E52D6D3878}.AppStore|iPhoneSimulator.ActiveCfg = Release|Any CPU
		{E81E4528-0F31-461F-801D-21E52D6D3878}.AppStore|iPhoneSimulator.Build.0 = Release|Any CPU
		{E81E4528-0F31-461F-801D-21E52D6D3878}.AppStore|Mixed Platforms.ActiveCfg = Release|Any CPU
		{E81E4528-0F31-461F-801D-21E52D6D3878}.AppStore|Mixed Platforms.Build.0 = Release|Any CPU
		{E81E4528-0F31-461F-801D-21E52D6D3878}.Debug|Any CPU.ActiveCfg = Debug|Any CPU
		{E81E4528-0F31-461F-801D-21E52D6D3878}.Debug|Any CPU.Build.0 = Debug|Any CPU
		{E81E4528-0F31-461F-801D-21E52D6D3878}.Debug|iPhone.ActiveCfg = Debug|Any CPU
		{E81E4528-0F31-461F-801D-21E52D6D3878}.Debug|iPhone.Build.0 = Debug|Any CPU
		{E81E4528-0F31-461F-801D-21E52D6D3878}.Debug|iPhoneSimulator.ActiveCfg = Debug|Any CPU
		{E81E4528-0F31-461F-801D-21E52D6D3878}.Debug|iPhoneSimulator.Build.0 = Debug|Any CPU
		{E81E4528-0F31-461F-801D-21E52D6D3878}.Debug|Mixed Platforms.ActiveCfg = Debug|Any CPU
		{E81E4528-0F31-461F-801D-21E52D6D3878}.Debug|Mixed Platforms.Build.0 = Debug|Any CPU
		{E81E4528-0F31-461F-801D-21E52D6D3878}.Release|Any CPU.ActiveCfg = Release|Any CPU
		{E81E4528-0F31-461F-801D-21E52D6D3878}.Release|Any CPU.Build.0 = Release|Any CPU
		{E81E4528-0F31-461F-801D-21E52D6D3878}.Release|iPhone.ActiveCfg = Release|Any CPU
		{E81E4528-0F31-461F-801D-21E52D6D3878}.Release|iPhone.Build.0 = Release|Any CPU
		{E81E4528-0F31-461F-801D-21E52D6D3878}.Release|iPhoneSimulator.ActiveCfg = Release|Any CPU
		{E81E4528-0F31-461F-801D-21E52D6D3878}.Release|iPhoneSimulator.Build.0 = Release|Any CPU
		{E81E4528-0F31-461F-801D-21E52D6D3878}.Release|Mixed Platforms.ActiveCfg = Release|Any CPU
		{E81E4528-0F31-461F-801D-21E52D6D3878}.Release|Mixed Platforms.Build.0 = Release|Any CPU
	EndGlobalSection
	GlobalSection(SolutionProperties) = preSolution
		HideSolutionNode = FALSE
	EndGlobalSection
	GlobalSection(MonoDevelopProperties) = preSolution
		StartupItem = Zxm.iOS\Zxm.iOS.csproj
	EndGlobalSection
EndGlobal
